
Microsoft Visual Studio Solution File, Format Version 12.00
# Visual Studio Version 17
VisualStudioVersion = 17.9.34701.34
MinimumVisualStudioVersion = 10.0.40219.1
Project("{FAE04EC0-301F-11D3-BF4B-00C04F79EFBC}") = "Student Evaluation Form", "Student Evaluation Form.csproj", "{F1C4D0C3-BEA1-47B1-A130-06C26B120B06}"
EndProject
Global
	GlobalSection(SolutionConfigurationPlatforms) = preSolution
		Debug|Any CPU = Debug|Any CPU
		Release|Any CPU = Release|Any CPU
	EndGlobalSection
	GlobalSection(ProjectConfigurationPlatforms) = postSolution
		{F1C4D0C3-BEA1-47B1-A130-06C26B120B06}.Debug|Any CPU.ActiveCfg = Debug|Any CPU
		{F1C4D0C3-BEA1-47B1-A130-06C26B120B06}.Debug|Any CPU.Build.0 = Debug|Any CPU
		{F1C4D0C3-BEA1-47B1-A130-06C26B120B06}.Release|Any CPU.ActiveCfg = Release|Any CPU
		{F1C4D0C3-BEA1-47B1-A130-06C26B120B06}.Release|Any CPU.Build.0 = Release|Any CPU
	EndGlobalSection
	GlobalSection(SolutionProperties) = preSolution
		HideSolutionNode = FALSE
	EndGlobalSection
	GlobalSection(ExtensibilityGlobals) = postSolution
		SolutionGuid = {58335B51-08FF-49F5-BCBF-4F78D9580C0F}
	EndGlobalSection
EndGlobal
